{
  "name": "alpha-area-card",
<<<<<<< HEAD
  "version": "1.2.11",
=======
  "version": "1.0.2",
>>>>>>> 579b8cd275d407eeb0b2d8a7de832e38171fd16a
  "lockfileVersion": 3,
  "requires": true,
  "packages": {
    "": {
      "name": "alpha-area-card",
<<<<<<< HEAD
      "version": "1.2.11",
=======
      "version": "1.0.2",
>>>>>>> 579b8cd275d407eeb0b2d8a7de832e38171fd16a
      "license": "MIT"
    }
  }
}
